
Microsoft Visual Studio Solution File, Format Version 12.00
# Visual Studio Version 17
VisualStudioVersion = 17.13.35913.81
MinimumVisualStudioVersion = 10.0.40219.1
Project("{FAE04EC0-301F-11D3-BF4B-00C04F79EFBC}") = "Mako", "Mako\Mako.csproj", "{BCF83C64-93FC-4829-A44B-E0B735CCAAB9}"
EndProject
Project("{FAE04EC0-301F-11D3-BF4B-00C04F79EFBC}") = "Mako.SourceGen", "Mako.SourceGen\Mako.SourceGen.csproj", "{03870969-D27E-9FFB-47FD-33000B4CB4B9}"
EndProject
Global
	GlobalSection(SolutionConfigurationPlatforms) = preSolution
		Debug|Any CPU = Debug|Any CPU
		Release|Any CPU = Release|Any CPU
	EndGlobalSection
	GlobalSection(ProjectConfigurationPlatforms) = postSolution
		{BCF83C64-93FC-4829-A44B-E0B735CCAAB9}.Debug|Any CPU.ActiveCfg = Debug|Any CPU
		{BCF83C64-93FC-4829-A44B-E0B735CCAAB9}.Debug|Any CPU.Build.0 = Debug|Any CPU
		{BCF83C64-93FC-4829-A44B-E0B735CCAAB9}.Release|Any CPU.ActiveCfg = Release|Any CPU
		{BCF83C64-93FC-4829-A44B-E0B735CCAAB9}.Release|Any CPU.Build.0 = Release|Any CPU
		{03870969-D27E-9FFB-47FD-33000B4CB4B9}.Debug|Any CPU.ActiveCfg = Debug|Any CPU
		{03870969-D27E-9FFB-47FD-33000B4CB4B9}.Debug|Any CPU.Build.0 = Debug|Any CPU
		{03870969-D27E-9FFB-47FD-33000B4CB4B9}.Release|Any CPU.ActiveCfg = Release|Any CPU
		{03870969-D27E-9FFB-47FD-33000B4CB4B9}.Release|Any CPU.Build.0 = Release|Any CPU
	EndGlobalSection
	GlobalSection(SolutionProperties) = preSolution
		HideSolutionNode = FALSE
	EndGlobalSection
	GlobalSection(ExtensibilityGlobals) = postSolution
		SolutionGuid = {3BA8FF6D-63B0-40FB-B59B-D0D27D06CE1C}
	EndGlobalSection
EndGlobal
